
Microsoft Visual Studio Solution File, Format Version 12.00
# Visual Studio Version 17
VisualStudioVersion = 17.0.31825.309
MinimumVisualStudioVersion = 10.0.40219.1
Project("{FAE04EC0-301F-11D3-BF4B-00C04F79EFBC}") = "H1DeepSea Crusing", "H1DeepSea Crusing.csproj", "{017E00E9-835F-4B92-8A37-DD934A72882F}"
EndProject
Global
	GlobalSection(SolutionConfigurationPlatforms) = preSolution
		Debug|Any CPU = Debug|Any CPU
		Release|Any CPU = Release|Any CPU
	EndGlobalSection
	GlobalSection(ProjectConfigurationPlatforms) = postSolution
		{017E00E9-835F-4B92-8A37-DD934A72882F}.Debug|Any CPU.ActiveCfg = Debug|Any CPU
		{017E00E9-835F-4B92-8A37-DD934A72882F}.Debug|Any CPU.Build.0 = Debug|Any CPU
		{017E00E9-835F-4B92-8A37-DD934A72882F}.Release|Any CPU.ActiveCfg = Release|Any CPU
		{017E00E9-835F-4B92-8A37-DD934A72882F}.Release|Any CPU.Build.0 = Release|Any CPU
	EndGlobalSection
	GlobalSection(SolutionProperties) = preSolution
		HideSolutionNode = FALSE
	EndGlobalSection
	GlobalSection(ExtensibilityGlobals) = postSolution
		SolutionGuid = {8004C9AD-3F70-4165-AFB4-E6E81FCECC16}
	EndGlobalSection
EndGlobal
